
Microsoft Visual Studio Solution File, Format Version 12.00
# Visual Studio Version 17
VisualStudioVersion = 17.14.36429.23 d17.14
MinimumVisualStudioVersion = 10.0.40219.1
Project("{FAE04EC0-301F-11D3-BF4B-00C04F79EFBC}") = "FastFoodPlanner", "FastFoodPlanner\FastFoodPlanner.csproj", "{9237FB43-1C52-45FA-91A1-E185A2908581}"
EndProject
Global
	GlobalSection(SolutionConfigurationPlatforms) = preSolution
		Debug|Any CPU = Debug|Any CPU
		Release|Any CPU = Release|Any CPU
	EndGlobalSection
	GlobalSection(ProjectConfigurationPlatforms) = postSolution
		{9237FB43-1C52-45FA-91A1-E185A2908581}.Debug|Any CPU.ActiveCfg = Debug|Any CPU
		{9237FB43-1C52-45FA-91A1-E185A2908581}.Debug|Any CPU.Build.0 = Debug|Any CPU
		{9237FB43-1C52-45FA-91A1-E185A2908581}.Release|Any CPU.ActiveCfg = Release|Any CPU
		{9237FB43-1C52-45FA-91A1-E185A2908581}.Release|Any CPU.Build.0 = Release|Any CPU
	EndGlobalSection
	GlobalSection(SolutionProperties) = preSolution
		HideSolutionNode = FALSE
	EndGlobalSection
	GlobalSection(ExtensibilityGlobals) = postSolution
		SolutionGuid = {B0F6ACF1-2CDE-4D48-80FC-CCDFB8525594}
	EndGlobalSection
EndGlobal
